
Microsoft Visual Studio Solution File, Format Version 12.00
# Visual Studio 15
VisualStudioVersion = 15.0.26124.0
MinimumVisualStudioVersion = 15.0.26124.0
Project("{2150E333-8FDC-42A3-9474-1A3956D46DE8}") = "src", "src", "{A86C2D34-C1C5-428A-B8E1-0D62683444E1}"
EndProject
Project("{FAE04EC0-301F-11D3-BF4B-00C04F79EFBC}") = "Wallet.Web", "src\Wallet.Web\Wallet.Web.csproj", "{6D3D677D-913D-4DD2-95CF-87CD0A0118BD}"
EndProject
Project("{FAE04EC0-301F-11D3-BF4B-00C04F79EFBC}") = "Wallet.Core", "src\Wallet.Core\Wallet.Core.csproj", "{91FEF5E9-E743-4CC4-A83C-6F859306D87C}"
EndProject
Project("{FAE04EC0-301F-11D3-BF4B-00C04F79EFBC}") = "Wallet.Infrastructure", "src\Wallet.Infrastructure\Wallet.Infrastructure.csproj", "{F8D58A82-A474-4FA6-9882-55CA8774A1E7}"
EndProject
Project("{2150E333-8FDC-42A3-9474-1A3956D46DE8}") = "tests", "tests", "{B9C8D9F1-5E16-4020-B64F-D613FE158178}"
EndProject
Project("{FAE04EC0-301F-11D3-BF4B-00C04F79EFBC}") = "Wallet.FunctionalTests", "tests\Wallet.FunctionalTests\Wallet.FunctionalTests.csproj", "{40AADD56-2716-458E-A903-E953A7E5F531}"
EndProject
Project("{FAE04EC0-301F-11D3-BF4B-00C04F79EFBC}") = "Wallet.IntegrationTests", "tests\Wallet.IntegrationTests\Wallet.IntegrationTests.csproj", "{2776C05C-A98C-4C14-AC54-776AE4E4FFBE}"
EndProject
Project("{FAE04EC0-301F-11D3-BF4B-00C04F79EFBC}") = "Wallet.UnitTests", "tests\Wallet.UnitTests\Wallet.UnitTests.csproj", "{51193F92-4589-4DB5-81F4-35FD689BAD40}"
EndProject
Global
	GlobalSection(SolutionConfigurationPlatforms) = preSolution
		Debug|Any CPU = Debug|Any CPU
		Debug|x64 = Debug|x64
		Debug|x86 = Debug|x86
		Release|Any CPU = Release|Any CPU
		Release|x64 = Release|x64
		Release|x86 = Release|x86
	EndGlobalSection
	GlobalSection(SolutionProperties) = preSolution
		HideSolutionNode = FALSE
	EndGlobalSection
	GlobalSection(ProjectConfigurationPlatforms) = postSolution
		{6D3D677D-913D-4DD2-95CF-87CD0A0118BD}.Debug|Any CPU.ActiveCfg = Debug|Any CPU
		{6D3D677D-913D-4DD2-95CF-87CD0A0118BD}.Debug|Any CPU.Build.0 = Debug|Any CPU
		{6D3D677D-913D-4DD2-95CF-87CD0A0118BD}.Debug|x64.ActiveCfg = Debug|Any CPU
		{6D3D677D-913D-4DD2-95CF-87CD0A0118BD}.Debug|x64.Build.0 = Debug|Any CPU
		{6D3D677D-913D-4DD2-95CF-87CD0A0118BD}.Debug|x86.ActiveCfg = Debug|Any CPU
		{6D3D677D-913D-4DD2-95CF-87CD0A0118BD}.Debug|x86.Build.0 = Debug|Any CPU
		{6D3D677D-913D-4DD2-95CF-87CD0A0118BD}.Release|Any CPU.ActiveCfg = Release|Any CPU
		{6D3D677D-913D-4DD2-95CF-87CD0A0118BD}.Release|Any CPU.Build.0 = Release|Any CPU
		{6D3D677D-913D-4DD2-95CF-87CD0A0118BD}.Release|x64.ActiveCfg = Release|Any CPU
		{6D3D677D-913D-4DD2-95CF-87CD0A0118BD}.Release|x64.Build.0 = Release|Any CPU
		{6D3D677D-913D-4DD2-95CF-87CD0A0118BD}.Release|x86.ActiveCfg = Release|Any CPU
		{6D3D677D-913D-4DD2-95CF-87CD0A0118BD}.Release|x86.Build.0 = Release|Any CPU
		{91FEF5E9-E743-4CC4-A83C-6F859306D87C}.Debug|Any CPU.ActiveCfg = Debug|Any CPU
		{91FEF5E9-E743-4CC4-A83C-6F859306D87C}.Debug|Any CPU.Build.0 = Debug|Any CPU
		{91FEF5E9-E743-4CC4-A83C-6F859306D87C}.Debug|x64.ActiveCfg = Debug|Any CPU
		{91FEF5E9-E743-4CC4-A83C-6F859306D87C}.Debug|x64.Build.0 = Debug|Any CPU
		{91FEF5E9-E743-4CC4-A83C-6F859306D87C}.Debug|x86.ActiveCfg = Debug|Any CPU
		{91FEF5E9-E743-4CC4-A83C-6F859306D87C}.Debug|x86.Build.0 = Debug|Any CPU
		{91FEF5E9-E743-4CC4-A83C-6F859306D87C}.Release|Any CPU.ActiveCfg = Release|Any CPU
		{91FEF5E9-E743-4CC4-A83C-6F859306D87C}.Release|Any CPU.Build.0 = Release|Any CPU
		{91FEF5E9-E743-4CC4-A83C-6F859306D87C}.Release|x64.ActiveCfg = Release|Any CPU
		{91FEF5E9-E743-4CC4-A83C-6F859306D87C}.Release|x64.Build.0 = Release|Any CPU
		{91FEF5E9-E743-4CC4-A83C-6F859306D87C}.Release|x86.ActiveCfg = Release|Any CPU
		{91FEF5E9-E743-4CC4-A83C-6F859306D87C}.Release|x86.Build.0 = Release|Any CPU
		{F8D58A82-A474-4FA6-9882-55CA8774A1E7}.Debug|Any CPU.ActiveCfg = Debug|Any CPU
		{F8D58A82-A474-4FA6-9882-55CA8774A1E7}.Debug|Any CPU.Build.0 = Debug|Any CPU
		{F8D58A82-A474-4FA6-9882-55CA8774A1E7}.Debug|x64.ActiveCfg = Debug|Any CPU
		{F8D58A82-A474-4FA6-9882-55CA8774A1E7}.Debug|x64.Build.0 = Debug|Any CPU
		{F8D58A82-A474-4FA6-9882-55CA8774A1E7}.Debug|x86.ActiveCfg = Debug|Any CPU
		{F8D58A82-A474-4FA6-9882-55CA8774A1E7}.Debug|x86.Build.0 = Debug|Any CPU
		{F8D58A82-A474-4FA6-9882-55CA8774A1E7}.Release|Any CPU.ActiveCfg = Release|Any CPU
		{F8D58A82-A474-4FA6-9882-55CA8774A1E7}.Release|Any CPU.Build.0 = Release|Any CPU
		{F8D58A82-A474-4FA6-9882-55CA8774A1E7}.Release|x64.ActiveCfg = Release|Any CPU
		{F8D58A82-A474-4FA6-9882-55CA8774A1E7}.Release|x64.Build.0 = Release|Any CPU
		{F8D58A82-A474-4FA6-9882-55CA8774A1E7}.Release|x86.ActiveCfg = Release|Any CPU
		{F8D58A82-A474-4FA6-9882-55CA8774A1E7}.Release|x86.Build.0 = Release|Any CPU
		{40AADD56-2716-458E-A903-E953A7E5F531}.Debug|Any CPU.ActiveCfg = Debug|Any CPU
		{40AADD56-2716-458E-A903-E953A7E5F531}.Debug|Any CPU.Build.0 = Debug|Any CPU
		{40AADD56-2716-458E-A903-E953A7E5F531}.Debug|x64.ActiveCfg = Debug|Any CPU
		{40AADD56-2716-458E-A903-E953A7E5F531}.Debug|x64.Build.0 = Debug|Any CPU
		{40AADD56-2716-458E-A903-E953A7E5F531}.Debug|x86.ActiveCfg = Debug|Any CPU
		{40AADD56-2716-458E-A903-E953A7E5F531}.Debug|x86.Build.0 = Debug|Any CPU
		{40AADD56-2716-458E-A903-E953A7E5F531}.Release|Any CPU.ActiveCfg = Release|Any CPU
		{40AADD56-2716-458E-A903-E953A7E5F531}.Release|Any CPU.Build.0 = Release|Any CPU
		{40AADD56-2716-458E-A903-E953A7E5F531}.Release|x64.ActiveCfg = Release|Any CPU
		{40AADD56-2716-458E-A903-E953A7E5F531}.Release|x64.Build.0 = Release|Any CPU
		{40AADD56-2716-458E-A903-E953A7E5F531}.Release|x86.ActiveCfg = Release|Any CPU
		{40AADD56-2716-458E-A903-E953A7E5F531}.Release|x86.Build.0 = Release|Any CPU
		{2776C05C-A98C-4C14-AC54-776AE4E4FFBE}.Debug|Any CPU.ActiveCfg = Debug|Any CPU
		{2776C05C-A98C-4C14-AC54-776AE4E4FFBE}.Debug|Any CPU.Build.0 = Debug|Any CPU
		{2776C05C-A98C-4C14-AC54-776AE4E4FFBE}.Debug|x64.ActiveCfg = Debug|Any CPU
		{2776C05C-A98C-4C14-AC54-776AE4E4FFBE}.Debug|x64.Build.0 = Debug|Any CPU
		{2776C05C-A98C-4C14-AC54-776AE4E4FFBE}.Debug|x86.ActiveCfg = Debug|Any CPU
		{2776C05C-A98C-4C14-AC54-776AE4E4FFBE}.Debug|x86.Build.0 = Debug|Any CPU
		{2776C05C-A98C-4C14-AC54-776AE4E4FFBE}.Release|Any CPU.ActiveCfg = Release|Any CPU
		{2776C05C-A98C-4C14-AC54-776AE4E4FFBE}.Release|Any CPU.Build.0 = Release|Any CPU
		{2776C05C-A98C-4C14-AC54-776AE4E4FFBE}.Release|x64.ActiveCfg = Release|Any CPU
		{2776C05C-A98C-4C14-AC54-776AE4E4FFBE}.Release|x64.Build.0 = Release|Any CPU
		{2776C05C-A98C-4C14-AC54-776AE4E4FFBE}.Release|x86.ActiveCfg = Release|Any CPU
		{2776C05C-A98C-4C14-AC54-776AE4E4FFBE}.Release|x86.Build.0 = Release|Any CPU
		{51193F92-4589-4DB5-81F4-35FD689BAD40}.Debug|Any CPU.ActiveCfg = Debug|Any CPU
		{51193F92-4589-4DB5-81F4-35FD689BAD40}.Debug|Any CPU.Build.0 = Debug|Any CPU
		{51193F92-4589-4DB5-81F4-35FD689BAD40}.Debug|x64.ActiveCfg = Debug|Any CPU
		{51193F92-4589-4DB5-81F4-35FD689BAD40}.Debug|x64.Build.0 = Debug|Any CPU
		{51193F92-4589-4DB5-81F4-35FD689BAD40}.Debug|x86.ActiveCfg = Debug|Any CPU
		{51193F92-4589-4DB5-81F4-35FD689BAD40}.Debug|x86.Build.0 = Debug|Any CPU
		{51193F92-4589-4DB5-81F4-35FD689BAD40}.Release|Any CPU.ActiveCfg = Release|Any CPU
		{51193F92-4589-4DB5-81F4-35FD689BAD40}.Release|Any CPU.Build.0 = Release|Any CPU
		{51193F92-4589-4DB5-81F4-35FD689BAD40}.Release|x64.ActiveCfg = Release|Any CPU
		{51193F92-4589-4DB5-81F4-35FD689BAD40}.Release|x64.Build.0 = Release|Any CPU
		{51193F92-4589-4DB5-81F4-35FD689BAD40}.Release|x86.ActiveCfg = Release|Any CPU
		{51193F92-4589-4DB5-81F4-35FD689BAD40}.Release|x86.Build.0 = Release|Any CPU
	EndGlobalSection
	GlobalSection(NestedProjects) = preSolution
		{6D3D677D-913D-4DD2-95CF-87CD0A0118BD} = {A86C2D34-C1C5-428A-B8E1-0D62683444E1}
		{91FEF5E9-E743-4CC4-A83C-6F859306D87C} = {A86C2D34-C1C5-428A-B8E1-0D62683444E1}
		{F8D58A82-A474-4FA6-9882-55CA8774A1E7} = {A86C2D34-C1C5-428A-B8E1-0D62683444E1}
		{40AADD56-2716-458E-A903-E953A7E5F531} = {B9C8D9F1-5E16-4020-B64F-D613FE158178}
		{2776C05C-A98C-4C14-AC54-776AE4E4FFBE} = {B9C8D9F1-5E16-4020-B64F-D613FE158178}
		{51193F92-4589-4DB5-81F4-35FD689BAD40} = {B9C8D9F1-5E16-4020-B64F-D613FE158178}
	EndGlobalSection
EndGlobal
